
Microsoft Visual Studio Solution File, Format Version 12.00
# Visual Studio Version 16
VisualStudioVersion = 16.0.29519.181
MinimumVisualStudioVersion = 10.0.40219.1
Project("{FAE04EC0-301F-11D3-BF4B-00C04F79EFBC}") = "zl", "zl\zl.csproj", "{4722C33E-C406-4899-91C8-122A58E01200}"
EndProject
Global
	GlobalSection(SolutionConfigurationPlatforms) = preSolution
		Debug|Any CPU = Debug|Any CPU
		Release|Any CPU = Release|Any CPU
	EndGlobalSection
	GlobalSection(ProjectConfigurationPlatforms) = postSolution
		{4722C33E-C406-4899-91C8-122A58E01200}.Debug|Any CPU.ActiveCfg = Debug|Any CPU
		{4722C33E-C406-4899-91C8-122A58E01200}.Debug|Any CPU.Build.0 = Debug|Any CPU
		{4722C33E-C406-4899-91C8-122A58E01200}.Release|Any CPU.ActiveCfg = Release|Any CPU
		{4722C33E-C406-4899-91C8-122A58E01200}.Release|Any CPU.Build.0 = Release|Any CPU
	EndGlobalSection
	GlobalSection(SolutionProperties) = preSolution
		HideSolutionNode = FALSE
	EndGlobalSection
	GlobalSection(ExtensibilityGlobals) = postSolution
		SolutionGuid = {465429D2-9EA7-48CF-8828-D20B904BB6A8}
	EndGlobalSection
EndGlobal
